
Microsoft Visual Studio Solution File, Format Version 12.00
# Visual Studio Version 17
VisualStudioVersion = 17.11.35303.130
MinimumVisualStudioVersion = 10.0.40219.1
Project("{FAE04EC0-301F-11D3-BF4B-00C04F79EFBC}") = "Fundamentos_1_ej6", "Fundamentos_1_ej6.csproj", "{9E9F44AB-4FFB-4481-AA2F-9583A700B737}"
EndProject
Global
	GlobalSection(SolutionConfigurationPlatforms) = preSolution
		Debug|Any CPU = Debug|Any CPU
		Release|Any CPU = Release|Any CPU
	EndGlobalSection
	GlobalSection(ProjectConfigurationPlatforms) = postSolution
		{9E9F44AB-4FFB-4481-AA2F-9583A700B737}.Debug|Any CPU.ActiveCfg = Debug|Any CPU
		{9E9F44AB-4FFB-4481-AA2F-9583A700B737}.Debug|Any CPU.Build.0 = Debug|Any CPU
		{9E9F44AB-4FFB-4481-AA2F-9583A700B737}.Release|Any CPU.ActiveCfg = Release|Any CPU
		{9E9F44AB-4FFB-4481-AA2F-9583A700B737}.Release|Any CPU.Build.0 = Release|Any CPU
	EndGlobalSection
	GlobalSection(SolutionProperties) = preSolution
		HideSolutionNode = FALSE
	EndGlobalSection
	GlobalSection(ExtensibilityGlobals) = postSolution
		SolutionGuid = {A55F587B-0D57-4080-BA52-BE41CE6D9288}
	EndGlobalSection
EndGlobal
